Microsoft Visual Studio Solution File, Format Version 12.00
# Visual Studio Version 17
VisualStudioVersion = 17.0.31611.283
MinimumVisualStudioVersion = 10.0.40219.1
Project("{9A19103F-16F7-4668-BE54-9A1E7A4F7556}") = "MobileStore.MauiClient", "MobileStore.MauiClient\MobileStore.MauiClient.csproj", "{CCFD7AE3-3F7C-4446-9965-B44FEEFD9763}"
EndProject
Project("{9A19103F-16F7-4668-BE54-9A1E7A4F7556}") = "MobileStore.MauiClient.Bff", "MobileStore.MauiClient.Bff\MobileStore.MauiClient.Bff.csproj", "{C32EF165-D032-4606-8738-D62883A921A7}"
EndProject
Project("{9A19103F-16F7-4668-BE54-9A1E7A4F7556}") = "MobileStore.MauiClient.Shared", "MobileStore.MauiClient.Shared\MobileStore.MauiClient.Shared.csproj", "{5293CD12-E0A9-45B1-9C32-23FC581B4B30}"
EndProject
Project("{9A19103F-16F7-4668-BE54-9A1E7A4F7556}") = "MobileStore.MauiClient.Bll", "MobileStore.MauiClient.Bll\MobileStore.MauiClient.Bll.csproj", "{B7C03337-F3C4-4566-B40A-C55DFA0E9E3C}"
EndProject
Global
	GlobalSection(SolutionConfigurationPlatforms) = preSolution
		Debug|Any CPU = Debug|Any CPU
		Release|Any CPU = Release|Any CPU
	EndGlobalSection
	GlobalSection(ProjectConfigurationPlatforms) = postSolution
		{CCFD7AE3-3F7C-4446-9965-B44FEEFD9763}.Debug|Any CPU.ActiveCfg = Debug|Any CPU
		{CCFD7AE3-3F7C-4446-9965-B44FEEFD9763}.Debug|Any CPU.Build.0 = Debug|Any CPU
		{CCFD7AE3-3F7C-4446-9965-B44FEEFD9763}.Debug|Any CPU.Deploy.0 = Debug|Any CPU
		{CCFD7AE3-3F7C-4446-9965-B44FEEFD9763}.Release|Any CPU.ActiveCfg = Release|Any CPU
		{CCFD7AE3-3F7C-4446-9965-B44FEEFD9763}.Release|Any CPU.Build.0 = Release|Any CPU
		{CCFD7AE3-3F7C-4446-9965-B44FEEFD9763}.Release|Any CPU.Deploy.0 = Release|Any CPU
		{C32EF165-D032-4606-8738-D62883A921A7}.Debug|Any CPU.ActiveCfg = Debug|Any CPU
		{C32EF165-D032-4606-8738-D62883A921A7}.Debug|Any CPU.Build.0 = Debug|Any CPU
		{C32EF165-D032-4606-8738-D62883A921A7}.Release|Any CPU.ActiveCfg = Release|Any CPU
		{C32EF165-D032-4606-8738-D62883A921A7}.Release|Any CPU.Build.0 = Release|Any CPU
		{5293CD12-E0A9-45B1-9C32-23FC581B4B30}.Debug|Any CPU.ActiveCfg = Debug|Any CPU
		{5293CD12-E0A9-45B1-9C32-23FC581B4B30}.Debug|Any CPU.Build.0 = Debug|Any CPU
		{5293CD12-E0A9-45B1-9C32-23FC581B4B30}.Release|Any CPU.ActiveCfg = Release|Any CPU
		{5293CD12-E0A9-45B1-9C32-23FC581B4B30}.Release|Any CPU.Build.0 = Release|Any CPU
		{B7C03337-F3C4-4566-B40A-C55DFA0E9E3C}.Debug|Any CPU.ActiveCfg = Debug|Any CPU
		{B7C03337-F3C4-4566-B40A-C55DFA0E9E3C}.Debug|Any CPU.Build.0 = Debug|Any CPU
		{B7C03337-F3C4-4566-B40A-C55DFA0E9E3C}.Release|Any CPU.ActiveCfg = Release|Any CPU
		{B7C03337-F3C4-4566-B40A-C55DFA0E9E3C}.Release|Any CPU.Build.0 = Release|Any CPU
	EndGlobalSection
	GlobalSection(SolutionProperties) = preSolution
		HideSolutionNode = FALSE
	EndGlobalSection
	GlobalSection(ExtensibilityGlobals) = postSolution
		SolutionGuid = {61F7FB11-1E47-470C-91E2-47F8143E1572}
	EndGlobalSection
EndGlobal
