
Microsoft Visual Studio Solution File, Format Version 12.00
# Visual Studio Version 17
VisualStudioVersion = 17.4.33213.308
MinimumVisualStudioVersion = 10.0.40219.1
Project("{FAE04EC0-301F-11D3-BF4B-00C04F79EFBC}") = "MobileStore.Gateway.API", "MobileStore.Gateway.API\MobileStore.Gateway.API.csproj", "{4064D750-C837-47B8-805D-9B760B92F103}"
EndProject
Project("{FAE04EC0-301F-11D3-BF4B-00C04F79EFBC}") = "MobileStore.Gateway.Bll", "MobileStore.Gateway.Bll\MobileStore.Gateway.Bll.csproj", "{B7CAC71C-E3C7-471B-9FA4-A63CECDF7960}"
EndProject
Project("{FAE04EC0-301F-11D3-BF4B-00C04F79EFBC}") = "MobileStore.Gateway.Dal", "MobileStore.Gateway.Dal\MobileStore.Gateway.Dal.csproj", "{155143AD-F0A3-46EA-9EDC-2834968F0356}"
EndProject
Project("{FAE04EC0-301F-11D3-BF4B-00C04F79EFBC}") = "MobileStore.Gateway.Common", "MobileStore.Gateway.Common\MobileStore.Gateway.Common.csproj", "{848E2B0D-FC78-42DB-813A-C4AA669F2CE0}"
EndProject
Project("{FAE04EC0-301F-11D3-BF4B-00C04F79EFBC}") = "MobileStore.Gateway.Di", "MobileStore.Gateway.Di\MobileStore.Gateway.Di.csproj", "{67665156-CFB2-400C-B369-F966BC63A67D}"
EndProject
Global
	GlobalSection(SolutionConfigurationPlatforms) = preSolution
		Debug|Any CPU = Debug|Any CPU
		Release|Any CPU = Release|Any CPU
	EndGlobalSection
	GlobalSection(ProjectConfigurationPlatforms) = postSolution
		{4064D750-C837-47B8-805D-9B760B92F103}.Debug|Any CPU.ActiveCfg = Debug|Any CPU
		{4064D750-C837-47B8-805D-9B760B92F103}.Debug|Any CPU.Build.0 = Debug|Any CPU
		{4064D750-C837-47B8-805D-9B760B92F103}.Release|Any CPU.ActiveCfg = Release|Any CPU
		{4064D750-C837-47B8-805D-9B760B92F103}.Release|Any CPU.Build.0 = Release|Any CPU
		{B7CAC71C-E3C7-471B-9FA4-A63CECDF7960}.Debug|Any CPU.ActiveCfg = Debug|Any CPU
		{B7CAC71C-E3C7-471B-9FA4-A63CECDF7960}.Debug|Any CPU.Build.0 = Debug|Any CPU
		{B7CAC71C-E3C7-471B-9FA4-A63CECDF7960}.Release|Any CPU.ActiveCfg = Release|Any CPU
		{B7CAC71C-E3C7-471B-9FA4-A63CECDF7960}.Release|Any CPU.Build.0 = Release|Any CPU
		{155143AD-F0A3-46EA-9EDC-2834968F0356}.Debug|Any CPU.ActiveCfg = Debug|Any CPU
		{155143AD-F0A3-46EA-9EDC-2834968F0356}.Debug|Any CPU.Build.0 = Debug|Any CPU
		{155143AD-F0A3-46EA-9EDC-2834968F0356}.Release|Any CPU.ActiveCfg = Release|Any CPU
		{155143AD-F0A3-46EA-9EDC-2834968F0356}.Release|Any CPU.Build.0 = Release|Any CPU
		{848E2B0D-FC78-42DB-813A-C4AA669F2CE0}.Debug|Any CPU.ActiveCfg = Debug|Any CPU
		{848E2B0D-FC78-42DB-813A-C4AA669F2CE0}.Debug|Any CPU.Build.0 = Debug|Any CPU
		{848E2B0D-FC78-42DB-813A-C4AA669F2CE0}.Release|Any CPU.ActiveCfg = Release|Any CPU
		{848E2B0D-FC78-42DB-813A-C4AA669F2CE0}.Release|Any CPU.Build.0 = Release|Any CPU
		{67665156-CFB2-400C-B369-F966BC63A67D}.Debug|Any CPU.ActiveCfg = Debug|Any CPU
		{67665156-CFB2-400C-B369-F966BC63A67D}.Debug|Any CPU.Build.0 = Debug|Any CPU
		{67665156-CFB2-400C-B369-F966BC63A67D}.Release|Any CPU.ActiveCfg = Release|Any CPU
		{67665156-CFB2-400C-B369-F966BC63A67D}.Release|Any CPU.Build.0 = Release|Any CPU
	EndGlobalSection
	GlobalSection(SolutionProperties) = preSolution
		HideSolutionNode = FALSE
	EndGlobalSection
	GlobalSection(ExtensibilityGlobals) = postSolution
		SolutionGuid = {BA20CD91-4336-45C4-B446-C3915448839C}
	EndGlobalSection
EndGlobal
