
Microsoft Visual Studio Solution File, Format Version 12.00
# Visual Studio Version 17
VisualStudioVersion = 17.4.33213.308
MinimumVisualStudioVersion = 10.0.40219.1
Project("{FAE04EC0-301F-11D3-BF4B-00C04F79EFBC}") = "MobileStore.IdentityProvider.Web", "MobileStore.IdentityProvider.Web\MobileStore.IdentityProvider.Web.csproj", "{A8F9A8A4-7B36-4069-90B2-129E5A67C475}"
EndProject
Project("{FAE04EC0-301F-11D3-BF4B-00C04F79EFBC}") = "MobileStore.IdentityProvider.Di", "MobileStore.IdentityProvider.Di\MobileStore.IdentityProvider.Di.csproj", "{47E6E6DD-086C-46D5-BA52-32F2B1F9670C}"
EndProject
Project("{FAE04EC0-301F-11D3-BF4B-00C04F79EFBC}") = "MobileStore.IdentityProvider.Common", "MobileStore.IdentityProvider.Common\MobileStore.IdentityProvider.Common.csproj", "{FAED9EE0-86A5-40B6-A823-8D81004826A4}"
EndProject
Project("{FAE04EC0-301F-11D3-BF4B-00C04F79EFBC}") = "MobileStore.IdentityProvider.Bll", "MobileStore.IdentityProvider.Bll\MobileStore.IdentityProvider.Bll.csproj", "{D636A3BB-8758-48E3-9EEA-B7FF9EFBC751}"
EndProject
Project("{FAE04EC0-301F-11D3-BF4B-00C04F79EFBC}") = "MobileStore.IdentityProvider.Dal", "MobileStore.IdentityProvider.Dal\MobileStore.IdentityProvider.Dal.csproj", "{4DA68D83-50C1-4CC9-8DF7-9BE719C58087}"
EndProject
Global
	GlobalSection(SolutionConfigurationPlatforms) = preSolution
		Debug|Any CPU = Debug|Any CPU
		Release|Any CPU = Release|Any CPU
	EndGlobalSection
	GlobalSection(ProjectConfigurationPlatforms) = postSolution
		{A8F9A8A4-7B36-4069-90B2-129E5A67C475}.Debug|Any CPU.ActiveCfg = Debug|Any CPU
		{A8F9A8A4-7B36-4069-90B2-129E5A67C475}.Debug|Any CPU.Build.0 = Debug|Any CPU
		{A8F9A8A4-7B36-4069-90B2-129E5A67C475}.Release|Any CPU.ActiveCfg = Release|Any CPU
		{A8F9A8A4-7B36-4069-90B2-129E5A67C475}.Release|Any CPU.Build.0 = Release|Any CPU
		{47E6E6DD-086C-46D5-BA52-32F2B1F9670C}.Debug|Any CPU.ActiveCfg = Debug|Any CPU
		{47E6E6DD-086C-46D5-BA52-32F2B1F9670C}.Debug|Any CPU.Build.0 = Debug|Any CPU
		{47E6E6DD-086C-46D5-BA52-32F2B1F9670C}.Release|Any CPU.ActiveCfg = Release|Any CPU
		{47E6E6DD-086C-46D5-BA52-32F2B1F9670C}.Release|Any CPU.Build.0 = Release|Any CPU
		{FAED9EE0-86A5-40B6-A823-8D81004826A4}.Debug|Any CPU.ActiveCfg = Debug|Any CPU
		{FAED9EE0-86A5-40B6-A823-8D81004826A4}.Debug|Any CPU.Build.0 = Debug|Any CPU
		{FAED9EE0-86A5-40B6-A823-8D81004826A4}.Release|Any CPU.ActiveCfg = Release|Any CPU
		{FAED9EE0-86A5-40B6-A823-8D81004826A4}.Release|Any CPU.Build.0 = Release|Any CPU
		{D636A3BB-8758-48E3-9EEA-B7FF9EFBC751}.Debug|Any CPU.ActiveCfg = Debug|Any CPU
		{D636A3BB-8758-48E3-9EEA-B7FF9EFBC751}.Debug|Any CPU.Build.0 = Debug|Any CPU
		{D636A3BB-8758-48E3-9EEA-B7FF9EFBC751}.Release|Any CPU.ActiveCfg = Release|Any CPU
		{D636A3BB-8758-48E3-9EEA-B7FF9EFBC751}.Release|Any CPU.Build.0 = Release|Any CPU
		{4DA68D83-50C1-4CC9-8DF7-9BE719C58087}.Debug|Any CPU.ActiveCfg = Debug|Any CPU
		{4DA68D83-50C1-4CC9-8DF7-9BE719C58087}.Debug|Any CPU.Build.0 = Debug|Any CPU
		{4DA68D83-50C1-4CC9-8DF7-9BE719C58087}.Release|Any CPU.ActiveCfg = Release|Any CPU
		{4DA68D83-50C1-4CC9-8DF7-9BE719C58087}.Release|Any CPU.Build.0 = Release|Any CPU
	EndGlobalSection
	GlobalSection(SolutionProperties) = preSolution
		HideSolutionNode = FALSE
	EndGlobalSection
	GlobalSection(ExtensibilityGlobals) = postSolution
		SolutionGuid = {D6942572-0282-4FC6-BE30-2AEA7E1D05F7}
	EndGlobalSection
EndGlobal
